
Microsoft Visual Studio Solution File, Format Version 12.00
# Visual Studio 16
Project("{FAE04EC0-301F-11D3-BF4B-00C04F79EFBC}") = "Assembly-CSharp", "Assembly-CSharp.csproj", "{CA18622D-E698-D4C9-BC7F-31845523A803}"
EndProject
Project("{FAE04EC0-301F-11D3-BF4B-00C04F79EFBC}") = "Assembly-CSharp-firstpass", "Assembly-CSharp-firstpass.csproj", "{2A62CAA1-D1D0-5557-A48A-90D554840E16}"
EndProject
Project("{FAE04EC0-301F-11D3-BF4B-00C04F79EFBC}") = "Assembly-CSharp-Editor-firstpass", "Assembly-CSharp-Editor-firstpass.csproj", "{5611EA53-2310-F2BE-3D7E-E6EC1D3CAA3A}"
EndProject
Global
	GlobalSection(SolutionConfigurationPlatforms) = preSolution
		Debug|Any CPU = Debug|Any CPU
		Release|Any CPU = Release|Any CPU
	EndGlobalSection
	GlobalSection(ProjectConfigurationPlatforms) = postSolution
		{CA18622D-E698-D4C9-BC7F-31845523A803}.Debug|Any CPU.ActiveCfg = Debug|Any CPU
		{CA18622D-E698-D4C9-BC7F-31845523A803}.Debug|Any CPU.Build.0 = Debug|Any CPU
		{CA18622D-E698-D4C9-BC7F-31845523A803}.Release|Any CPU.ActiveCfg = Release|Any CPU
		{CA18622D-E698-D4C9-BC7F-31845523A803}.Release|Any CPU.Build.0 = Release|Any CPU
		{2A62CAA1-D1D0-5557-A48A-90D554840E16}.Debug|Any CPU.ActiveCfg = Debug|Any CPU
		{2A62CAA1-D1D0-5557-A48A-90D554840E16}.Debug|Any CPU.Build.0 = Debug|Any CPU
		{2A62CAA1-D1D0-5557-A48A-90D554840E16}.Release|Any CPU.ActiveCfg = Release|Any CPU
		{2A62CAA1-D1D0-5557-A48A-90D554840E16}.Release|Any CPU.Build.0 = Release|Any CPU
		{5611EA53-2310-F2BE-3D7E-E6EC1D3CAA3A}.Debug|Any CPU.ActiveCfg = Debug|Any CPU
		{5611EA53-2310-F2BE-3D7E-E6EC1D3CAA3A}.Debug|Any CPU.Build.0 = Debug|Any CPU
		{5611EA53-2310-F2BE-3D7E-E6EC1D3CAA3A}.Release|Any CPU.ActiveCfg = Release|Any CPU
		{5611EA53-2310-F2BE-3D7E-E6EC1D3CAA3A}.Release|Any CPU.Build.0 = Release|Any CPU
	EndGlobalSection
	GlobalSection(SolutionProperties) = preSolution
		HideSolutionNode = FALSE
	EndGlobalSection
EndGlobal
